Microsoft Visual Studio Solution File, Format Version 12.00
# Visual Studio Version 17
VisualStudioVersion = 17.5.2.0
MinimumVisualStudioVersion = 10.0.40219.1
Project("{FAE04EC0-301F-11D3-BF4B-00C04F79EFBC}") = "LisoLaser.Backend", "LisoLaser.Backend.csproj", "{797D787C-97E0-00CC-6A78-C00C6D6FBF0F}"
EndProject
Global
	GlobalSection(SolutionConfigurationPlatforms) = preSolution
		Debug|Any CPU = Debug|Any CPU
		Release|Any CPU = Release|Any CPU
	EndGlobalSection
	GlobalSection(ProjectConfigurationPlatforms) = postSolution
		{797D787C-97E0-00CC-6A78-C00C6D6FBF0F}.Debug|Any CPU.ActiveCfg = Debug|Any CPU
		{797D787C-97E0-00CC-6A78-C00C6D6FBF0F}.Debug|Any CPU.Build.0 = Debug|Any CPU
		{797D787C-97E0-00CC-6A78-C00C6D6FBF0F}.Release|Any CPU.ActiveCfg = Release|Any CPU
		{797D787C-97E0-00CC-6A78-C00C6D6FBF0F}.Release|Any CPU.Build.0 = Release|Any CPU
	EndGlobalSection
	GlobalSection(SolutionProperties) = preSolution
		HideSolutionNode = FALSE
	EndGlobalSection
	GlobalSection(ExtensibilityGlobals) = postSolution
		SolutionGuid = {F7D260EC-3382-4B06-8EC5-2B104B261D3E}
	EndGlobalSection
EndGlobal
